// !$*UTF8*$!
{
	archiveVersion = 1;
	classes = {
	};
	objectVersion = 56;
	objects = {

/* Begin PBXBuildFile section */
		88C9B1E72C6507D50083BD49 /* AppDelegate.swift in Sources */ = {isa = PBXBuildFile; fileRef = 88C9B1E62C6507D50083BD49 /* AppDelegate.swift */; };
		88C9B1E92C6507D50083BD49 /* SceneDelegate.swift in Sources */ = {isa = PBXBuildFile; fileRef = 88C9B1E82C6507D50083BD49 /* SceneDelegate.swift */; };
		88C9B1EB2C6507D50083BD49 /* ViewController.swift in Sources */ = {isa = PBXBuildFile; fileRef = 88C9B1EA2C6507D50083BD49 /* ViewController.swift */; };
		88C9B1EE2C6507D50083BD49 /* Base in Resources */ = {isa = PBXBuildFile; fileRef = 88C9B1ED2C6507D50083BD49 /* Base */; };
		88C9B1F02C6507D70083BD49 /* Assets.xcassets in Resources */ = {isa = PBXBuildFile; fileRef = 88C9B1EF2C6507D70083BD49 /* Assets.xcassets */; };
		88C9B1F32C6507D70083BD49 /* Base in Resources */ = {isa = PBXBuildFile; fileRef = 88C9B1F22C6507D70083BD49 /* Base */; };
		88C9B1FE2C6507D70083BD49 /* I_am_richTests.swift in Sources */ = {isa = PBXBuildFile; fileRef = 88C9B1FD2C6507D70083BD49 /* I_am_richTests.swift */; };
		88C9B2082C6507D70083BD49 /* I_am_richUITests.swift in Sources */ = {isa = PBXBuildFile; fileRef = 88C9B2072C6507D70083BD49 /* I_am_richUITests.swift */; };
		88C9B20A2C6507D70083BD49 /* I_am_richUITestsLaunchTests.swift in Sources */ = {isa = PBXBuildFile; fileRef = 88C9B2092C6507D70083BD49 /* I_am_richUITestsLaunchTests.swift */; };
/* End PBXBuildFile section */

/* Begin PBXContainerItemProxy section */
		88C9B1FA2C6507D70083BD49 /* PBXContainerItemProxy */ = {
			isa = PBXContainerItemProxy;
			containerPortal = 88C9B1DB2C6507D50083BD49 /* Project object */;
			proxyType = 1;
			remoteGlobalIDString = 88C9B1E22C6507D50083BD49;
			remoteInfo = "I am rich";
		};
		88C9B2042C6507D70083BD49 /* PBXContainerItemProxy */ = {
			isa = PBXContainerItemProxy;
			containerPortal = 88C9B1DB2C6507D50083BD49 /* Project object */;
			proxyType = 1;
			remoteGlobalIDString = 88C9B1E22C6507D50083BD49;
			remoteInfo = "I am rich";
		};
/* End PBXContainerItemProxy section */

/* Begin PBXFileReference section */
		88C9B1E32C6507D50083BD49 /* I am rich.app */ = {isa = PBXFileReference; explicitFileType = wrapper.application; includeInIndex = 0; path = "I am rich.app"; sourceTree = BUILT_PRODUCTS_DIR; };
		88C9B1E62C6507D50083BD49 /* AppDelegate.swift */ = {isa = PBXFileReference; lastKnownFileType = sourcecode.swift; path = AppDelegate.swift; sourceTree = "<group>"; };
		88C9B1E82C6507D50083BD49 /* SceneDelegate.swift */ = {isa = PBXFileReference; lastKnownFileType = sourcecode.swift; path = SceneDelegate.swift; sourceTree = "<group>"; };
		88C9B1EA2C6507D50083BD49 /* ViewController.swift */ = {isa = PBXFileReference; lastKnownFileType = sourcecode.swift; path = ViewController.swift; sourceTree = "<group>"; };
		88C9B1ED2C6507D50083BD49 /* Base */ = {isa = PBXFileReference; lastKnownFileType = file.storyboard; name = Base; path = Base.lproj/Main.storyboard; sourceTree = "<group>"; };
		88C9B1EF2C6507D70083BD49 /* Assets.xcassets */ = {isa = PBXFileReference; lastKnownFileType = folder.assetcatalog; path = Assets.xcassets; sourceTree = "<group>"; };
		88C9B1F22C6507D70083BD49 /* Base */ = {isa = PBXFileReference; lastKnownFileType = file.storyboard; name = Base; path = Base.lproj/LaunchScreen.storyboard; sourceTree = "<group>"; };
		88C9B1F42C6507D70083BD49 /* Info.plist */ = {isa = PBXFileReference; lastKnownFileType = text.plist.xml; path = Info.plist; sourceTree = "<group>"; };
		88C9B1F92C6507D70083BD49 /* I am richTests.xctest */ = {isa = PBXFileReference; explicitFileType = wrapper.cfbundle; includeInIndex = 0; path = "I am richTests.xctest"; sourceTree = BUILT_PRODUCTS_DIR; };
		88C9B1FD2C6507D70083BD49 /* I_am_richTests.swift */ = {isa = PBXFileReference; lastKnownFileType = sourcecode.swift; path = I_am_richTests.swift; sourceTree = "<group>"; };
		88C9B2032C6507D70083BD49 /* I am richUITests.xctest */ = {isa = PBXFileReference; explicitFileType = wrapper.cfbundle; includeInIndex = 0; path = "I am richUITests.xctest"; sourceTree = BUILT_PRODUCTS_DIR; };
		88C9B2072C6507D70083BD49 /* I_am_richUITests.swift */ = {isa = PBXFileReference; lastKnownFileType = sourcecode.swift; path = I_am_richUITests.swift; sourceTree = "<group>"; };
		88C9B2092C6507D70083BD49 /* I_am_richUITestsLaunchTests.swift */ = {isa = PBXFileReference; lastKnownFileType = sourcecode.swift; path = I_am_richUITestsLaunchTests.swift; sourceTree = "<group>"; };
/* End PBXFileReference section */

/* Begin PBXFrameworksBuildPhase section */
		88C9B1E02C6507D50083BD49 /* Frameworks */ = {
			isa = PBXFrameworksBuildPhase;
			buildActionMask = 2147483647;
			files = (
			);
			runOnlyForDeploymentPostprocessing = 0;
		};
		88C9B1F62C6507D70083BD49 /* Frameworks */ = {
			isa = PBXFrameworksBuildPhase;
			buildActionMask = 2147483647;
			files = (
			);
			runOnlyForDeploymentPostprocessing = 0;
		};
		88C9B2002C6507D70083BD49 /* Frameworks */ = {
			isa = PBXFrameworksBuildPhase;
			buildActionMask = 2147483647;
			files = (
			);
			runOnlyForDeploymentPostprocessing = 0;
		};
/* End PBXFrameworksBuildPhase section */

/* Begin PBXGroup section */
		88C9B1DA2C6507D50083BD49 = {
			isa = PBXGroup;
			children = (
				88C9B1E52C6507D50083BD49 /* I am rich */,
				88C9B1FC2C6507D70083BD49 /* I am richTests */,
				88C9B2062C6507D70083BD49 /* I am richUITests */,
				88C9B1E42C6507D50083BD49 /* Products */,
			);
			sourceTree = "<group>";
		};
		88C9B1E42C6507D50083BD49 /* Products */ = {
			isa = PBXGroup;
			children = (
				88C9B1E32C6507D50083BD49 /* I am rich.app */,
				88C9B1F92C6507D70083BD49 /* I am richTests.xctest */,
				88C9B2032C6507D70083BD49 /* I am richUITests.xctest */,
			);
			name = Products;
			sourceTree = "<group>";
		};
		88C9B1E52C6507D50083BD49 /* I am rich */ = {
			isa = PBXGroup;
			children = (
				88C9B1E62C6507D50083BD49 /* AppDelegate.swift */,
				88C9B1E82C6507D50083BD49 /* SceneDelegate.swift */,
				88C9B1EA2C6507D50083BD49 /* ViewController.swift */,
				88C9B1EC2C6507D50083BD49 /* Main.storyboard */,
				88C9B1EF2C6507D70083BD49 /* Assets.xcassets */,
				88C9B1F12C6507D70083BD49 /* LaunchScreen.storyboard */,
				88C9B1F42C6507D70083BD49 /* Info.plist */,
			);
			path = "I am rich";
			sourceTree = "<group>";
		};
		88C9B1FC2C6507D70083BD49 /* I am richTests */ = {
			isa = PBXGroup;
			children = (
				88C9B1FD2C6507D70083BD49 /* I_am_richTests.swift */,
			);
			path = "I am richTests";
			sourceTree = "<group>";
		};
		88C9B2062C6507D70083BD49 /* I am richUITests */ = {
			isa = PBXGroup;
			children = (
				88C9B2072C6507D70083BD49 /* I_am_richUITests.swift */,
				88C9B2092C6507D70083BD49 /* I_am_richUITestsLaunchTests.swift */,
			);
			path = "I am richUITests";
			sourceTree = "<group>";
		};
/* End PBXGroup section */

/* Begin PBXNativeTarget section */
		88C9B1E22C6507D50083BD49 /* I am rich */ = {
			isa = PBXNativeTarget;
			buildConfigurationList = 88C9B20D2C6507D70083BD49 /* Build configuration list for PBXNativeTarget "I am rich" */;
			buildPhases = (
				88C9B1DF2C6507D50083BD49 /* Sources */,
				88C9B1E02C6507D50083BD49 /* Frameworks */,
				88C9B1E12C6507D50083BD49 /* Resources */,
			);
			buildRules = (
			);
			dependencies = (
			);
			name = "I am rich";
			productName = "I am rich";
			productReference = 88C9B1E32C6507D50083BD49 /* I am rich.app */;
			productType = "com.apple.product-type.application";
		};
		88C9B1F82C6507D70083BD49 /* I am richTests */ = {
			isa = PBXNativeTarget;
			buildConfigurationList = 88C9B2102C6507D70083BD49 /* Build configuration list for PBXNativeTarget "I am richTests" */;
			buildPhases = (
				88C9B1F52C6507D70083BD49 /* Sources */,
				88C9B1F62C6507D70083BD49 /* Frameworks */,
				88C9B1F72C6507D70083BD49 /* Resources */,
			);
			buildRules = (
			);
			dependencies = (
				88C9B1FB2C6507D70083BD49 /* PBXTargetDependency */,
			);
			name = "I am richTests";
			productName = "I am richTests";
			productReference = 88C9B1F92C6507D70083BD49 /* I am richTests.xctest */;
			productType = "com.apple.product-type.bundle.unit-test";
		};
		88C9B2022C6507D70083BD49 /* I am richUITests */ = {
			isa = PBXNativeTarget;
			buildConfigurationList = 88C9B2132C6507D70083BD49 /* Build configuration list for PBXNativeTarget "I am richUITests" */;
			buildPhases = (
				88C9B1FF2C6507D70083BD49 /* Sources */,
				88C9B2002C6507D70083BD49 /* Frameworks */,
				88C9B2012C6507D70083BD49 /* Resources */,
			);
			buildRules = (
			);
			dependencies = (
				88C9B2052C6507D70083BD49 /* PBXTargetDependency */,
			);
			name = "I am richUITests";
			productName = "I am richUITests";
			productReference = 88C9B2032C6507D70083BD49 /* I am richUITests.xctest */;
			productType = "com.apple.product-type.bundle.ui-testing";
		};
/* End PBXNativeTarget section */

/* Begin PBXProject section */
		88C9B1DB2C6507D50083BD49 /* Project object */ = {
			isa = PBXProject;
			attributes = {
				BuildIndependentTargetsInParallel = 1;
				LastSwiftUpdateCheck = 1540;
				LastUpgradeCheck = 1540;
				TargetAttributes = {
					88C9B1E22C6507D50083BD49 = {
						CreatedOnToolsVersion = 15.4;
					};
					88C9B1F82C6507D70083BD49 = {
						CreatedOnToolsVersion = 15.4;
						TestTargetID = 88C9B1E22C6507D50083BD49;
					};
					88C9B2022C6507D70083BD49 = {
						CreatedOnToolsVersion = 15.4;
						TestTargetID = 88C9B1E22C6507D50083BD49;
					};
				};
			};
			buildConfigurationList = 88C9B1DE2C6507D50083BD49 /* Build configuration list for PBXProject "I am rich" */;
			compatibilityVersion = "Xcode 14.0";
			developmentRegion = en;
			hasScannedForEncodings = 0;
			knownRegions = (
				en,
				Base,
			);
			mainGroup = 88C9B1DA2C6507D50083BD49;
			productRefGroup = 88C9B1E42C6507D50083BD49 /* Products */;
			projectDirPath = "";
			projectRoot = "";
			targets = (
				88C9B1E22C6507D50083BD49 /* I am rich */,
				88C9B1F82C6507D70083BD49 /* I am richTests */,
				88C9B2022C6507D70083BD49 /* I am richUITests */,
			);
		};
/* End PBXProject section */

/* Begin PBXResourcesBuildPhase section */
		88C9B1E12C6507D50083BD49 /* Resources */ = {
			isa = PBXResourcesBuildPhase;
			buildActionMask = 2147483647;
			files = (
				88C9B1F02C6507D70083BD49 /* Assets.xcassets in Resources */,
				88C9B1F32C6507D70083BD49 /* Base in Resources */,
				88C9B1EE2C6507D50083BD49 /* Base in Resources */,
			);
			runOnlyForDeploymentPostprocessing = 0;
		};
		88C9B1F72C6507D70083BD49 /* Resources */ = {
			isa = PBXResourcesBuildPhase;
			buildActionMask = 2147483647;
			files = (
			);
			runOnlyForDeploymentPostprocessing = 0;
		};
		88C9B2012C6507D70083BD49 /* Resources */ = {
			isa = PBXResourcesBuildPhase;
			buildActionMask = 2147483647;
			files = (
			);
			runOnlyForDeploymentPostprocessing = 0;
		};
/* End PBXResourcesBuildPhase section */

/* Begin PBXSourcesBuildPhase section */
		88C9B1DF2C6507D50083BD49 /* Sources */ = {
			isa = PBXSourcesBuildPhase;
			buildActionMask = 2147483647;
			files = (
				88C9B1EB2C6507D50083BD49 /* ViewController.swift in Sources */,
				88C9B1E72C6507D50083BD49 /* AppDelegate.swift in Sources */,
				88C9B1E92C6507D50083BD49 /* SceneDelegate.swift in Sources */,
			);
			runOnlyForDeploymentPostprocessing = 0;
		};
		88C9B1F52C6507D70083BD49 /* Sources */ = {
			isa = PBXSourcesBuildPhase;
			buildActionMask = 2147483647;
			files = (
				88C9B1FE2C6507D70083BD49 /* I_am_richTests.swift in Sources */,
			);
			runOnlyForDeploymentPostprocessing = 0;
		};
		88C9B1FF2C6507D70083BD49 /* Sources */ = {
			isa = PBXSourcesBuildPhase;
			buildActionMask = 2147483647;
			files = (
				88C9B20A2C6507D70083BD49 /* I_am_richUITestsLaunchTests.swift in Sources */,
				88C9B2082C6507D70083BD49 /* I_am_richUITests.swift in Sources */,
			);
			runOnlyForDeploymentPostprocessing = 0;
		};
/* End PBXSourcesBuildPhase section */

/* Begin PBXTargetDependency section */
		88C9B1FB2C6507D70083BD49 /* PBXTargetDependency */ = {
			isa = PBXTargetDependency;
			target = 88C9B1E22C6507D50083BD49 /* I am rich */;
			targetProxy = 88C9B1FA2C6507D70083BD49 /* PBXContainerItemProxy */;
		};
		88C9B2052C6507D70083BD49 /* PBXTargetDependency */ = {
			isa = PBXTargetDependency;
			target = 88C9B1E22C6507D50083BD49 /* I am rich */;
			targetProxy = 88C9B2042C6507D70083BD49 /* PBXContainerItemProxy */;
		};
/* End PBXTargetDependency section */

/* Begin PBXVariantGroup section */
		88C9B1EC2C6507D50083BD49 /* Main.storyboard */ = {
			isa = PBXVariantGroup;
			children = (
				88C9B1ED2C6507D50083BD49 /* Base */,
			);
			name = Main.storyboard;
			sourceTree = "<group>";
		};
		88C9B1F12C6507D70083BD49 /* LaunchScreen.storyboard */ = {
			isa = PBXVariantGroup;
			children = (
				88C9B1F22C6507D70083BD49 /* Base */,
			);
			name = LaunchScreen.storyboard;
			sourceTree = "<group>";
		};
/* End PBXVariantGroup section */

/* Begin XCBuildConfiguration section */
		88C9B20B2C6507D70083BD49 /* Debug */ = {
			isa = XCBuildConfiguration;
			buildSettings = {
				ALWAYS_SEARCH_USER_PATHS = NO;
				ASSETCATALOG_COMPILER_GENERATE_SWIFT_ASSET_SYMBOL_EXTENSIONS = YES;
				CLANG_ANALYZER_NONNULL = YES;
				CLANG_ANALYZER_NUMBER_OBJECT_CONVERSION = YES_AGGRESSIVE;
				CLANG_CXX_LANGUAGE_STANDARD = "gnu++20";
				CLANG_ENABLE_MODULES = YES;
				CLANG_ENABLE_OBJC_ARC = YES;
				CLANG_ENABLE_OBJC_WEAK = YES;
				CLANG_WARN_BLOCK_CAPTURE_AUTORELEASING = YES;
				CLANG_WARN_BOOL_CONVERSION = YES;
				CLANG_WARN_COMMA = YES;
				CLANG_WARN_CONSTANT_CONVERSION = YES;
				CLANG_WARN_DEPRECATED_OBJC_IMPLEMENTATIONS = YES;
				CLANG_WARN_DIRECT_OBJC_ISA_USAGE = YES_ERROR;
				CLANG_WARN_DOCUMENTATION_COMMENTS = YES;
				CLANG_WARN_EMPTY_BODY = YES;
				CLANG_WARN_ENUM_CONVERSION = YES;
				CLANG_WARN_INFINITE_RECURSION = YES;
				CLANG_WARN_INT_CONVERSION = YES;
				CLANG_WARN_NON_LITERAL_NULL_CONVERSION = YES;
				CLANG_WARN_OBJC_IMPLICIT_RETAIN_SELF = YES;
				CLANG_WARN_OBJC_LITERAL_CONVERSION = YES;
				CLANG_WARN_OBJC_ROOT_CLASS = YES_ERROR;
				CLANG_WARN_QUOTED_INCLUDE_IN_FRAMEWORK_HEADER = YES;
				CLANG_WARN_RANGE_LOOP_ANALYSIS = YES;
				CLANG_WARN_STRICT_PROTOTYPES = YES;
				CLANG_WARN_SUSPICIOUS_MOVE = YES;
				CLANG_WARN_UNGUARDED_AVAILABILITY = YES_AGGRESSIVE;
				CLANG_WARN_UNREACHABLE_CODE = YES;
				CLANG_WARN__DUPLICATE_METHOD_MATCH = YES;
				COPY_PHASE_STRIP = NO;
				DEBUG_INFORMATION_FORMAT = dwarf;
				ENABLE_STRICT_OBJC_MSGSEND = YES;
				ENABLE_TESTABILITY = YES;
				ENABLE_USER_SCRIPT_SANDBOXING = YES;
				GCC_C_LANGUAGE_STANDARD = gnu17;
				GCC_DYNAMIC_NO_PIC = NO;
				GCC_NO_COMMON_BLOCKS = YES;
				GCC_OPTIMIZATION_LEVEL = 0;
				GCC_PREPROCESSOR_DEFINITIONS = (
					"DEBUG=1",
					"$(inherited)",
				);
				GCC_WARN_64_TO_32_BIT_CONVERSION = YES;
				GCC_WARN_ABOUT_RETURN_TYPE = YES_ERROR;
				GCC_WARN_UNDECLARED_SELECTOR = YES;
				GCC_WARN_UNINITIALIZED_AUTOS = YES_AGGRESSIVE;
				GCC_WARN_UNUSED_FUNCTION = YES;
				GCC_WARN_UNUSED_VARIABLE = YES;
				IPHONEOS_DEPLOYMENT_TARGET = 17.5;
				LOCALIZATION_PREFERS_STRING_CATALOGS = YES;
				MTL_ENABLE_DEBUG_INFO = INCLUDE_SOURCE;
				MTL_FAST_MATH = YES;
				ONLY_ACTIVE_ARCH = YES;
				SDKROOT = iphoneos;
				SWIFT_ACTIVE_COMPILATION_CONDITIONS = "DEBUG $(inherited)";
				SWIFT_OPTIMIZATION_LEVEL = "-Onone";
			};
			name = Debug;
		};
		88C9B20C2C6507D70083BD49 /* Release */ = {
			isa = XCBuildConfiguration;
			buildSettings = {
				ALWAYS_SEARCH_USER_PATHS = NO;
				ASSETCATALOG_COMPILER_GENERATE_SWIFT_ASSET_SYMBOL_EXTENSIONS = YES;
				CLANG_ANALYZER_NONNULL = YES;
				CLANG_ANALYZER_NUMBER_OBJECT_CONVERSION = YES_AGGRESSIVE;
				CLANG_CXX_LANGUAGE_STANDARD = "gnu++20";
				CLANG_ENABLE_MODULES = YES;
				CLANG_ENABLE_OBJC_ARC = YES;
				CLANG_ENABLE_OBJC_WEAK = YES;
				CLANG_WARN_BLOCK_CAPTURE_AUTORELEASING = YES;
				CLANG_WARN_BOOL_CONVERSION = YES;
				CLANG_WARN_COMMA = YES;
				CLANG_WARN_CONSTANT_CONVERSION = YES;
				CLANG_WARN_DEPRECATED_OBJC_IMPLEMENTATIONS = YES;
				CLANG_WARN_DIRECT_OBJC_ISA_USAGE = YES_ERROR;
				CLANG_WARN_DOCUMENTATION_COMMENTS = YES;
				CLANG_WARN_EMPTY_BODY = YES;
				CLANG_WARN_ENUM_CONVERSION = YES;
				CLANG_WARN_INFINITE_RECURSION = YES;
				CLANG_WARN_INT_CONVERSION = YES;
				CLANG_WARN_NON_LITERAL_NULL_CONVERSION = YES;
				CLANG_WARN_OBJC_IMPLICIT_RETAIN_SELF = YES;
				CLANG_WARN_OBJC_LITERAL_CONVERSION = YES;
				CLANG_WARN_OBJC_ROOT_CLASS = YES_ERROR;
				CLANG_WARN_QUOTED_INCLUDE_IN_FRAMEWORK_HEADER = YES;
				CLANG_WARN_RANGE_LOOP_ANALYSIS = YES;
				CLANG_WARN_STRICT_PROTOTYPES = YES;
				CLANG_WARN_SUSPICIOUS_MOVE = YES;
				CLANG_WARN_UNGUARDED_AVAILABILITY = YES_AGGRESSIVE;
				CLANG_WARN_UNREACHABLE_CODE = YES;
				CLANG_WARN__DUPLICATE_METHOD_MATCH = YES;
				COPY_PHASE_STRIP = NO;
				DEBUG_INFORMATION_FORMAT = "dwarf-with-dsym";
				ENABLE_NS_ASSERTIONS = NO;
				ENABLE_STRICT_OBJC_MSGSEND = YES;
				ENABLE_USER_SCRIPT_SANDBOXING = YES;
				GCC_C_LANGUAGE_STANDARD = gnu17;
				GCC_NO_COMMON_BLOCKS = YES;
				GCC_WARN_64_TO_32_BIT_CONVERSION = YES;
				GCC_WARN_ABOUT_RETURN_TYPE = YES_ERROR;
				GCC_WARN_UNDECLARED_SELECTOR = YES;
				GCC_WARN_UNINITIALIZED_AUTOS = YES_AGGRESSIVE;
				GCC_WARN_UNUSED_FUNCTION = YES;
				GCC_WARN_UNUSED_VARIABLE = YES;
				IPHONEOS_DEPLOYMENT_TARGET = 17.5;
				LOCALIZATION_PREFERS_STRING_CATALOGS = YES;
				MTL_ENABLE_DEBUG_INFO = NO;
				MTL_FAST_MATH = YES;
				SDKROOT = iphoneos;
				SWIFT_COMPILATION_MODE = wholemodule;
				VALIDATE_PRODUCT = YES;
			};
			name = Release;
		};
		88C9B20E2C6507D70083BD49 /* Debug */ = {
			isa = XCBuildConfiguration;
			buildSettings = {
				ASSETCATALOG_COMPILER_APPICON_NAME = AppIcon;
				ASSETCATALOG_COMPILER_GLOBAL_ACCENT_COLOR_NAME = AccentColor;
				CODE_SIGN_STYLE = Automatic;
				CURRENT_PROJECT_VERSION = 1;
				GENERATE_INFOPLIST_FILE = YES;
				INFOPLIST_FILE = "I am rich/Info.plist";
				INFOPLIST_KEY_UIApplicationSupportsIndirectInputEvents = YES;
				INFOPLIST_KEY_UILaunchStoryboardName = LaunchScreen;
				INFOPLIST_KEY_UIMainStoryboardFile = Main;
				INFOPLIST_KEY_UISupportedInterfaceOrientations_iPad = "UIInterfaceOrientationPortrait UIInterfaceOrientationPortraitUpsideDown UIInterfaceOrientationLandscapeLeft UIInterfaceOrientationLandscapeRight";
				INFOPLIST_KEY_UISupportedInterfaceOrientations_iPhone = "UIInterfaceOrientationPortrait UIInterfaceOrientationLandscapeLeft UIInterfaceOrientationLandscapeRight";
				LD_RUNPATH_SEARCH_PATHS = (
					"$(inherited)",
					"@executable_path/Frameworks",
				);
				MARKETING_VERSION = 1.0;
				PRODUCT_BUNDLE_IDENTIFIER = "com.JayG.I-am-rich";
				PRODUCT_NAME = "$(TARGET_NAME)";
				SWIFT_EMIT_LOC_STRINGS = YES;
				SWIFT_VERSION = 5.0;
				TARGETED_DEVICE_FAMILY = "1,2";
			};
			name = Debug;
		};
		88C9B20F2C6507D70083BD49 /* Release */ = {
			isa = XCBuildConfiguration;
			buildSettings = {
				ASSETCATALOG_COMPILER_APPICON_NAME = AppIcon;
				ASSETCATALOG_COMPILER_GLOBAL_ACCENT_COLOR_NAME = AccentColor;
				CODE_SIGN_STYLE = Automatic;
				CURRENT_PROJECT_VERSION = 1;
				GENERATE_INFOPLIST_FILE = YES;
				INFOPLIST_FILE = "I am rich/Info.plist";
				INFOPLIST_KEY_UIApplicationSupportsIndirectInputEvents = YES;
				INFOPLIST_KEY_UILaunchStoryboardName = LaunchScreen;
				INFOPLIST_KEY_UIMainStoryboardFile = Main;
				INFOPLIST_KEY_UISupportedInterfaceOrientations_iPad = "UIInterfaceOrientationPortrait UIInterfaceOrientationPortraitUpsideDown UIInterfaceOrientationLandscapeLeft UIInterfaceOrientationLandscapeRight";
				INFOPLIST_KEY_UISupportedInterfaceOrientations_iPhone = "UIInterfaceOrientationPortrait UIInterfaceOrientationLandscapeLeft UIInterfaceOrientationLandscapeRight";
				LD_RUNPATH_SEARCH_PATHS = (
					"$(inherited)",
					"@executable_path/Frameworks",
				);
				MARKETING_VERSION = 1.0;
				PRODUCT_BUNDLE_IDENTIFIER = "com.JayG.I-am-rich";
				PRODUCT_NAME = "$(TARGET_NAME)";
				SWIFT_EMIT_LOC_STRINGS = YES;
				SWIFT_VERSION = 5.0;
				TARGETED_DEVICE_FAMILY = "1,2";
			};
			name = Release;
		};
		88C9B2112C6507D70083BD49 /* Debug */ = {
			isa = XCBuildConfiguration;
			buildSettings = {
				ALWAYS_EMBED_SWIFT_STANDARD_LIBRARIES = YES;
				BUNDLE_LOADER = "$(TEST_HOST)";
				CODE_SIGN_STYLE = Automatic;
				CURRENT_PROJECT_VERSION = 1;
				GENERATE_INFOPLIST_FILE = YES;
				IPHONEOS_DEPLOYMENT_TARGET = 17.5;
				MARKETING_VERSION = 1.0;
				PRODUCT_BUNDLE_IDENTIFIER = "com.JayG.I-am-richTests";
				PRODUCT_NAME = "$(TARGET_NAME)";
				SWIFT_EMIT_LOC_STRINGS = NO;
				SWIFT_VERSION = 5.0;
				TARGETED_DEVICE_FAMILY = "1,2";
				TEST_HOST = "$(BUILT_PRODUCTS_DIR)/I am rich.app/$(BUNDLE_EXECUTABLE_FOLDER_PATH)/I am rich";
			};
			name = Debug;
		};
		88C9B2122C6507D70083BD49 /* Release */ = {
			isa = XCBuildConfiguration;
			buildSettings = {
				ALWAYS_EMBED_SWIFT_STANDARD_LIBRARIES = YES;
				BUNDLE_LOADER = "$(TEST_HOST)";
				CODE_SIGN_STYLE = Automatic;
				CURRENT_PROJECT_VERSION = 1;
				GENERATE_INFOPLIST_FILE = YES;
				IPHONEOS_DEPLOYMENT_TARGET = 17.5;
				MARKETING_VERSION = 1.0;
				PRODUCT_BUNDLE_IDENTIFIER = "com.JayG.I-am-richTests";
				PRODUCT_NAME = "$(TARGET_NAME)";
				SWIFT_EMIT_LOC_STRINGS = NO;
				SWIFT_VERSION = 5.0;
				TARGETED_DEVICE_FAMILY = "1,2";
				TEST_HOST = "$(BUILT_PRODUCTS_DIR)/I am rich.app/$(BUNDLE_EXECUTABLE_FOLDER_PATH)/I am rich";
			};
			name = Release;
		};
		88C9B2142C6507D70083BD49 /* Debug */ = {
			isa = XCBuildConfiguration;
			buildSettings = {
				ALWAYS_EMBED_SWIFT_STANDARD_LIBRARIES = YES;
				CODE_SIGN_STYLE = Automatic;
				CURRENT_PROJECT_VERSION = 1;
				GENERATE_INFOPLIST_FILE = YES;
				MARKETING_VERSION = 1.0;
				PRODUCT_BUNDLE_IDENTIFIER = "com.JayG.I-am-richUITests";
				PRODUCT_NAME = "$(TARGET_NAME)";
				SWIFT_EMIT_LOC_STRINGS = NO;
				SWIFT_VERSION = 5.0;
				TARGETED_DEVICE_FAMILY = "1,2";
				TEST_TARGET_NAME = "I am rich";
			};
			name = Debug;
		};
		88C9B2152C6507D70083BD49 /* Release */ = {
			isa = XCBuildConfiguration;
			buildSettings = {
				ALWAYS_EMBED_SWIFT_STANDARD_LIBRARIES = YES;
				CODE_SIGN_STYLE = Automatic;
				CURRENT_PROJECT_VERSION = 1;
				GENERATE_INFOPLIST_FILE = YES;
				MARKETING_VERSION = 1.0;
				PRODUCT_BUNDLE_IDENTIFIER = "com.JayG.I-am-richUITests";
				PRODUCT_NAME = "$(TARGET_NAME)";
				SWIFT_EMIT_LOC_STRINGS = NO;
				SWIFT_VERSION = 5.0;
				TARGETED_DEVICE_FAMILY = "1,2";
				TEST_TARGET_NAME = "I am rich";
			};
			name = Release;
		};
/* End XCBuildConfiguration section */

/* Begin XCConfigurationList section */
		88C9B1DE2C6507D50083BD49 /* Build configuration list for PBXProject "I am rich" */ = {
			isa = XCConfigurationList;
			buildConfigurations = (
				88C9B20B2C6507D70083BD49 /* Debug */,
				88C9B20C2C6507D70083BD49 /* Release */,
			);
			defaultConfigurationIsVisible = 0;
			defaultConfigurationName = Release;
		};
		88C9B20D2C6507D70083BD49 /* Build configuration list for PBXNativeTarget "I am rich" */ = {
			isa = XCConfigurationList;
			buildConfigurations = (
				88C9B20E2C6507D70083BD49 /* Debug */,
				88C9B20F2C6507D70083BD49 /* Release */,
			);
			defaultConfigurationIsVisible = 0;
			defaultConfigurationName = Release;
		};
		88C9B2102C6507D70083BD49 /* Build configuration list for PBXNativeTarget "I am richTests" */ = {
			isa = XCConfigurationList;
			buildConfigurations = (
				88C9B2112C6507D70083BD49 /* Debug */,
				88C9B2122C6507D70083BD49 /* Release */,
			);
			defaultConfigurationIsVisible = 0;
			defaultConfigurationName = Release;
		};
		88C9B2132C6507D70083BD49 /* Build configuration list for PBXNativeTarget "I am richUITests" */ = {
			isa = XCConfigurationList;
			buildConfigurations = (
				88C9B2142C6507D70083BD49 /* Debug */,
				88C9B2152C6507D70083BD49 /* Release */,
			);
			defaultConfigurationIsVisible = 0;
			defaultConfigurationName = Release;
		};
/* End XCConfigurationList section */
	};
	rootObject = 88C9B1DB2C6507D50083BD49 /* Project object */;
}
